// !$*UTF8*$!
{
	archiveVersion = 1;
	classes = {
	};
	objectVersion = 53;
	objects = {

/* Begin PBXBuildFile section */
		A30AFED429DF6C6A0042D12B /* AppDelegate.swift in Sources */ = {isa = PBXBuildFile; fileRef = A30AFED329DF6C6A0042D12B /* AppDelegate.swift */; };
		A30AFED629DF6C6A0042D12B /* SceneDelegate.swift in Sources */ = {isa = PBXBuildFile; fileRef = A30AFED529DF6C6A0042D12B /* SceneDelegate.swift */; };
		A30AFED829DF6C6A0042D12B /* ViewController.swift in Sources */ = {isa = PBXBuildFile; fileRef = A30AFED729DF6C6A0042D12B /* ViewController.swift */; };
		A30AFEDB29DF6C6A0042D12B /* Main.storyboard in Resources */ = {isa = PBXBuildFile; fileRef = A30AFED929DF6C6A0042D12B /* Main.storyboard */; };
		A30AFEDD29DF6C6D0042D12B /* Assets.xcassets in Resources */ = {isa = PBXBuildFile; fileRef = A30AFEDC29DF6C6D0042D12B /* Assets.xcassets */; };
		A30AFEE029DF6C6D0042D12B /* LaunchScreen.storyboard in Resources */ = {isa = PBXBuildFile; fileRef = A30AFEDE29DF6C6D0042D12B /* LaunchScreen.storyboard */; };
		A30AFEE929E052970042D12B /* ComplexModule in Frameworks */ = {isa = PBXBuildFile; productRef = A30AFEE829E052970042D12B /* ComplexModule */; };
		A30AFEEB29E052970042D12B /* Numerics in Frameworks */ = {isa = PBXBuildFile; productRef = A30AFEEA29E052970042D12B /* Numerics */; };
		A30AFEED29E052970042D12B /* RealModule in Frameworks */ = {isa = PBXBuildFile; productRef = A30AFEEC29E052970042D12B /* RealModule */; };
/* End PBXBuildFile section */

/* Begin PBXFileReference section */
		A30AFED029DF6C6A0042D12B /* avonya-shyankdev-testing.app */ = {isa = PBXFileReference; explicitFileType = wrapper.application; includeInIndex = 0; path = "avonya-shyankdev-testing.app"; sourceTree = BUILT_PRODUCTS_DIR; };
		A30AFED329DF6C6A0042D12B /* AppDelegate.swift */ = {isa = PBXFileReference; lastKnownFileType = sourcecode.swift; path = AppDelegate.swift; sourceTree = "<group>"; };
		A30AFED529DF6C6A0042D12B /* SceneDelegate.swift */ = {isa = PBXFileReference; lastKnownFileType = sourcecode.swift; path = SceneDelegate.swift; sourceTree = "<group>"; };
		A30AFED729DF6C6A0042D12B /* ViewController.swift */ = {isa = PBXFileReference; lastKnownFileType = sourcecode.swift; path = ViewController.swift; sourceTree = "<group>"; };
		A30AFEDA29DF6C6A0042D12B /* Base */ = {isa = PBXFileReference; lastKnownFileType = file.storyboard; name = Base; path = Base.lproj/Main.storyboard; sourceTree = "<group>"; };
		A30AFEDC29DF6C6D0042D12B /* Assets.xcassets */ = {isa = PBXFileReference; lastKnownFileType = folder.assetcatalog; path = Assets.xcassets; sourceTree = "<group>"; };
		A30AFEDF29DF6C6D0042D12B /* Base */ = {isa = PBXFileReference; lastKnownFileType = file.storyboard; name = Base; path = Base.lproj/LaunchScreen.storyboard; sourceTree = "<group>"; };
		A30AFEE129DF6C6D0042D12B /* Info.plist */ = {isa = PBXFileReference; lastKnownFileType = text.plist.xml; path = Info.plist; sourceTree = "<group>"; };
/* End PBXFileReference section */

/* Begin PBXFrameworksBuildPhase section */
		A30AFECD29DF6C6A0042D12B /* Frameworks */ = {
			isa = PBXFrameworksBuildPhase;
			buildActionMask = 2147483647;
			files = (
				A30AFEEB29E052970042D12B /* Numerics in Frameworks */,
				A30AFEE929E052970042D12B /* ComplexModule in Frameworks */,
				A30AFEED29E052970042D12B /* RealModule in Frameworks */,
			);
			runOnlyForDeploymentPostprocessing = 0;
		};
/* End PBXFrameworksBuildPhase section */

/* Begin PBXGroup section */
		A30AFEC729DF6C6A0042D12B = {
			isa = PBXGroup;
			children = (
				A30AFED229DF6C6A0042D12B /* avonya-shyankdev-testing */,
				A30AFED129DF6C6A0042D12B /* Products */,
			);
			sourceTree = "<group>";
		};
		A30AFED129DF6C6A0042D12B /* Products */ = {
			isa = PBXGroup;
			children = (
				A30AFED029DF6C6A0042D12B /* avonya-shyankdev-testing.app */,
			);
			name = Products;
			sourceTree = "<group>";
		};
		A30AFED229DF6C6A0042D12B /* avonya-shyankdev-testing */ = {
			isa = PBXGroup;
			children = (
				A30AFED329DF6C6A0042D12B /* AppDelegate.swift */,
				A30AFED529DF6C6A0042D12B /* SceneDelegate.swift */,
				A30AFED729DF6C6A0042D12B /* ViewController.swift */,
				A30AFED929DF6C6A0042D12B /* Main.storyboard */,
				A30AFEDC29DF6C6D0042D12B /* Assets.xcassets */,
				A30AFEDE29DF6C6D0042D12B /* LaunchScreen.storyboard */,
				A30AFEE129DF6C6D0042D12B /* Info.plist */,
			);
			path = "avonya-shyankdev-testing";
			sourceTree = "<group>";
		};
/* End PBXGroup section */

/* Begin PBXNativeTarget section */
		A30AFECF29DF6C6A0042D12B /* avonya-shyankdev-testing */ = {
			isa = PBXNativeTarget;
			buildConfigurationList = A30AFEE429DF6C6D0042D12B /* Build configuration list for PBXNativeTarget "avonya-shyankdev-testing" */;
			buildPhases = (
				A30AFECC29DF6C6A0042D12B /* Sources */,
				A30AFECD29DF6C6A0042D12B /* Frameworks */,
				A30AFECE29DF6C6A0042D12B /* Resources */,
			);
			buildRules = (
			);
			dependencies = (
			);
			name = "avonya-shyankdev-testing";
			packageProductDependencies = (
				A30AFEE829E052970042D12B /* ComplexModule */,
				A30AFEEA29E052970042D12B /* Numerics */,
				A30AFEEC29E052970042D12B /* RealModule */,
			);
			productName = "avonya-shyankdev-testing";
			productReference = A30AFED029DF6C6A0042D12B /* avonya-shyankdev-testing.app */;
			productType = "com.apple.product-type.application";
		};
/* End PBXNativeTarget section */

/* Begin PBXProject section */
		A30AFEC829DF6C6A0042D12B /* Project object */ = {
			isa = PBXProject;
			attributes = {
				BuildIndependentTargetsInParallel = 1;
				LastSwiftUpdateCheck = 1420;
				LastUpgradeCheck = 1420;
				TargetAttributes = {
					A30AFECF29DF6C6A0042D12B = {
						CreatedOnToolsVersion = 14.2;
					};
				};
			};
			buildConfigurationList = A30AFECB29DF6C6A0042D12B /* Build configuration list for PBXProject "avonya-shyankdev-testing" */;
			compatibilityVersion = "Xcode 11.0";
			developmentRegion = en;
			hasScannedForEncodings = 0;
			knownRegions = (
				en,
				Base,
			);
			mainGroup = A30AFEC729DF6C6A0042D12B;
			packageReferences = (
				A30AFEE729E052970042D12B /* XCRemoteSwiftPackageReference "swift-numerics" */,
			);
			productRefGroup = A30AFED129DF6C6A0042D12B /* Products */;
			projectDirPath = "";
			projectRoot = "";
			targets = (
				A30AFECF29DF6C6A0042D12B /* avonya-shyankdev-testing */,
			);
		};
/* End PBXProject section */

/* Begin PBXResourcesBuildPhase section */
		A30AFECE29DF6C6A0042D12B /* Resources */ = {
			isa = PBXResourcesBuildPhase;
			buildActionMask = 2147483647;
			files = (
				A30AFEE029DF6C6D0042D12B /* LaunchScreen.storyboard in Resources */,
				A30AFEDD29DF6C6D0042D12B /* Assets.xcassets in Resources */,
				A30AFEDB29DF6C6A0042D12B /* Main.storyboard in Resources */,
			);
			runOnlyForDeploymentPostprocessing = 0;
		};
/* End PBXResourcesBuildPhase section */

/* Begin PBXSourcesBuildPhase section */
		A30AFECC29DF6C6A0042D12B /* Sources */ = {
			isa = PBXSourcesBuildPhase;
			buildActionMask = 2147483647;
			files = (
				A30AFED829DF6C6A0042D12B /* ViewController.swift in Sources */,
				A30AFED429DF6C6A0042D12B /* AppDelegate.swift in Sources */,
				A30AFED629DF6C6A0042D12B /* SceneDelegate.swift in Sources */,
			);
			runOnlyForDeploymentPostprocessing = 0;
		};
/* End PBXSourcesBuildPhase section */

/* Begin PBXVariantGroup section */
		A30AFED929DF6C6A0042D12B /* Main.storyboard */ = {
			isa = PBXVariantGroup;
			children = (
				A30AFEDA29DF6C6A0042D12B /* Base */,
			);
			name = Main.storyboard;
			sourceTree = "<group>";
		};
		A30AFEDE29DF6C6D0042D12B /* LaunchScreen.storyboard */ = {
			isa = PBXVariantGroup;
			children = (
				A30AFEDF29DF6C6D0042D12B /* Base */,
			);
			name = LaunchScreen.storyboard;
			sourceTree = "<group>";
		};
/* End PBXVariantGroup section */

/* Begin XCBuildConfiguration section */
		A30AFEE229DF6C6D0042D12B /* Debug */ = {
			isa = XCBuildConfiguration;
			buildSettings = {
				ALWAYS_SEARCH_USER_PATHS = NO;
				CLANG_ANALYZER_NONNULL = YES;
				CLANG_ANALYZER_NUMBER_OBJECT_CONVERSION = YES_AGGRESSIVE;
				CLANG_CXX_LANGUAGE_STANDARD = "gnu++20";
				CLANG_ENABLE_MODULES = YES;
				CLANG_ENABLE_OBJC_ARC = YES;
				CLANG_ENABLE_OBJC_WEAK = YES;
				CLANG_WARN_BLOCK_CAPTURE_AUTORELEASING = YES;
				CLANG_WARN_BOOL_CONVERSION = YES;
				CLANG_WARN_COMMA = YES;
				CLANG_WARN_CONSTANT_CONVERSION = YES;
				CLANG_WARN_DEPRECATED_OBJC_IMPLEMENTATIONS = YES;
				CLANG_WARN_DIRECT_OBJC_ISA_USAGE = YES_ERROR;
				CLANG_WARN_DOCUMENTATION_COMMENTS = YES;
				CLANG_WARN_EMPTY_BODY = YES;
				CLANG_WARN_ENUM_CONVERSION = YES;
				CLANG_WARN_INFINITE_RECURSION = YES;
				CLANG_WARN_INT_CONVERSION = YES;
				CLANG_WARN_NON_LITERAL_NULL_CONVERSION = YES;
				CLANG_WARN_OBJC_IMPLICIT_RETAIN_SELF = YES;
				CLANG_WARN_OBJC_LITERAL_CONVERSION = YES;
				CLANG_WARN_OBJC_ROOT_CLASS = YES_ERROR;
				CLANG_WARN_QUOTED_INCLUDE_IN_FRAMEWORK_HEADER = YES;
				CLANG_WARN_RANGE_LOOP_ANALYSIS = YES;
				CLANG_WARN_STRICT_PROTOTYPES = YES;
				CLANG_WARN_SUSPICIOUS_MOVE = YES;
				CLANG_WARN_UNGUARDED_AVAILABILITY = YES_AGGRESSIVE;
				CLANG_WARN_UNREACHABLE_CODE = YES;
				CLANG_WARN__DUPLICATE_METHOD_MATCH = YES;
				COPY_PHASE_STRIP = NO;
				DEBUG_INFORMATION_FORMAT = dwarf;
				ENABLE_STRICT_OBJC_MSGSEND = YES;
				ENABLE_TESTABILITY = YES;
				GCC_C_LANGUAGE_STANDARD = gnu11;
				GCC_DYNAMIC_NO_PIC = NO;
				GCC_NO_COMMON_BLOCKS = YES;
				GCC_OPTIMIZATION_LEVEL = 0;
				GCC_PREPROCESSOR_DEFINITIONS = (
					"DEBUG=1",
					"$(inherited)",
				);
				GCC_WARN_64_TO_32_BIT_CONVERSION = YES;
				GCC_WARN_ABOUT_RETURN_TYPE = YES_ERROR;
				GCC_WARN_UNDECLARED_SELECTOR = YES;
				GCC_WARN_UNINITIALIZED_AUTOS = YES_AGGRESSIVE;
				GCC_WARN_UNUSED_FUNCTION = YES;
				GCC_WARN_UNUSED_VARIABLE = YES;
				IPHONEOS_DEPLOYMENT_TARGET = 16.2;
				MTL_ENABLE_DEBUG_INFO = INCLUDE_SOURCE;
				MTL_FAST_MATH = YES;
				ONLY_ACTIVE_ARCH = YES;
				SDKROOT = iphoneos;
				SWIFT_ACTIVE_COMPILATION_CONDITIONS = DEBUG;
				SWIFT_OPTIMIZATION_LEVEL = "-Onone";
			};
			name = Debug;
		};
		A30AFEE329DF6C6D0042D12B /* Release */ = {
			isa = XCBuildConfiguration;
			buildSettings = {
				ALWAYS_SEARCH_USER_PATHS = NO;
				CLANG_ANALYZER_NONNULL = YES;
				CLANG_ANALYZER_NUMBER_OBJECT_CONVERSION = YES_AGGRESSIVE;
				CLANG_CXX_LANGUAGE_STANDARD = "gnu++20";
				CLANG_ENABLE_MODULES = YES;
				CLANG_ENABLE_OBJC_ARC = YES;
				CLANG_ENABLE_OBJC_WEAK = YES;
				CLANG_WARN_BLOCK_CAPTURE_AUTORELEASING = YES;
				CLANG_WARN_BOOL_CONVERSION = YES;
				CLANG_WARN_COMMA = YES;
				CLANG_WARN_CONSTANT_CONVERSION = YES;
				CLANG_WARN_DEPRECATED_OBJC_IMPLEMENTATIONS = YES;
				CLANG_WARN_DIRECT_OBJC_ISA_USAGE = YES_ERROR;
				CLANG_WARN_DOCUMENTATION_COMMENTS = YES;
				CLANG_WARN_EMPTY_BODY = YES;
				CLANG_WARN_ENUM_CONVERSION = YES;
				CLANG_WARN_INFINITE_RECURSION = YES;
				CLANG_WARN_INT_CONVERSION = YES;
				CLANG_WARN_NON_LITERAL_NULL_CONVERSION = YES;
				CLANG_WARN_OBJC_IMPLICIT_RETAIN_SELF = YES;
				CLANG_WARN_OBJC_LITERAL_CONVERSION = YES;
				CLANG_WARN_OBJC_ROOT_CLASS = YES_ERROR;
				CLANG_WARN_QUOTED_INCLUDE_IN_FRAMEWORK_HEADER = YES;
				CLANG_WARN_RANGE_LOOP_ANALYSIS = YES;
				CLANG_WARN_STRICT_PROTOTYPES = YES;
				CLANG_WARN_SUSPICIOUS_MOVE = YES;
				CLANG_WARN_UNGUARDED_AVAILABILITY = YES_AGGRESSIVE;
				CLANG_WARN_UNREACHABLE_CODE = YES;
				CLANG_WARN__DUPLICATE_METHOD_MATCH = YES;
				COPY_PHASE_STRIP = NO;
				DEBUG_INFORMATION_FORMAT = "dwarf-with-dsym";
				ENABLE_NS_ASSERTIONS = NO;
				ENABLE_STRICT_OBJC_MSGSEND = YES;
				GCC_C_LANGUAGE_STANDARD = gnu11;
				GCC_NO_COMMON_BLOCKS = YES;
				GCC_WARN_64_TO_32_BIT_CONVERSION = YES;
				GCC_WARN_ABOUT_RETURN_TYPE = YES_ERROR;
				GCC_WARN_UNDECLARED_SELECTOR = YES;
				GCC_WARN_UNINITIALIZED_AUTOS = YES_AGGRESSIVE;
				GCC_WARN_UNUSED_FUNCTION = YES;
				GCC_WARN_UNUSED_VARIABLE = YES;
				IPHONEOS_DEPLOYMENT_TARGET = 16.2;
				MTL_ENABLE_DEBUG_INFO = NO;
				MTL_FAST_MATH = YES;
				SDKROOT = iphoneos;
				SWIFT_COMPILATION_MODE = wholemodule;
				SWIFT_OPTIMIZATION_LEVEL = "-O";
				VALIDATE_PRODUCT = YES;
			};
			name = Release;
		};
		A30AFEE529DF6C6D0042D12B /* Debug */ = {
			isa = XCBuildConfiguration;
			buildSettings = {
				ASSETCATALOG_COMPILER_APPICON_NAME = AppIcon;
				ASSETCATALOG_COMPILER_GLOBAL_ACCENT_COLOR_NAME = AccentColor;
				CODE_SIGN_STYLE = Automatic;
				CURRENT_PROJECT_VERSION = 1;
				GENERATE_INFOPLIST_FILE = YES;
				INFOPLIST_FILE = "avonya-shyankdev-testing/Info.plist";
				INFOPLIST_KEY_UIApplicationSupportsIndirectInputEvents = YES;
				INFOPLIST_KEY_UILaunchStoryboardName = LaunchScreen;
				INFOPLIST_KEY_UIMainStoryboardFile = Main;
				INFOPLIST_KEY_UISupportedInterfaceOrientations = UIInterfaceOrientationPortrait;
				LD_RUNPATH_SEARCH_PATHS = (
					"$(inherited)",
					"@executable_path/Frameworks",
				);
				MARKETING_VERSION = 1.0;
				PRODUCT_BUNDLE_IDENTIFIER = "fileCompressionUnitTest.avonya-shyankdev-testing";
				PRODUCT_NAME = "$(TARGET_NAME)";
				SWIFT_EMIT_LOC_STRINGS = YES;
				SWIFT_VERSION = 5.0;
				TARGETED_DEVICE_FAMILY = "1,2";
			};
			name = Debug;
		};
		A30AFEE629DF6C6D0042D12B /* Release */ = {
			isa = XCBuildConfiguration;
			buildSettings = {
				ASSETCATALOG_COMPILER_APPICON_NAME = AppIcon;
				ASSETCATALOG_COMPILER_GLOBAL_ACCENT_COLOR_NAME = AccentColor;
				CODE_SIGN_STYLE = Automatic;
				CURRENT_PROJECT_VERSION = 1;
				GENERATE_INFOPLIST_FILE = YES;
				INFOPLIST_FILE = "avonya-shyankdev-testing/Info.plist";
				INFOPLIST_KEY_UIApplicationSupportsIndirectInputEvents = YES;
				INFOPLIST_KEY_UILaunchStoryboardName = LaunchScreen;
				INFOPLIST_KEY_UIMainStoryboardFile = Main;
				INFOPLIST_KEY_UISupportedInterfaceOrientations = UIInterfaceOrientationPortrait;
				LD_RUNPATH_SEARCH_PATHS = (
					"$(inherited)",
					"@executable_path/Frameworks",
				);
				MARKETING_VERSION = 1.0;
				PRODUCT_BUNDLE_IDENTIFIER = "fileCompressionUnitTest.avonya-shyankdev-testing";
				PRODUCT_NAME = "$(TARGET_NAME)";
				SWIFT_EMIT_LOC_STRINGS = YES;
				SWIFT_VERSION = 5.0;
				TARGETED_DEVICE_FAMILY = "1,2";
			};
			name = Release;
		};
/* End XCBuildConfiguration section */

/* Begin XCConfigurationList section */
		A30AFECB29DF6C6A0042D12B /* Build configuration list for PBXProject "avonya-shyankdev-testing" */ = {
			isa = XCConfigurationList;
			buildConfigurations = (
				A30AFEE229DF6C6D0042D12B /* Debug */,
				A30AFEE329DF6C6D0042D12B /* Release */,
			);
			defaultConfigurationIsVisible = 0;
			defaultConfigurationName = Release;
		};
		A30AFEE429DF6C6D0042D12B /* Build configuration list for PBXNativeTarget "avonya-shyankdev-testing" */ = {
			isa = XCConfigurationList;
			buildConfigurations = (
				A30AFEE529DF6C6D0042D12B /* Debug */,
				A30AFEE629DF6C6D0042D12B /* Release */,
			);
			defaultConfigurationIsVisible = 0;
			defaultConfigurationName = Release;
		};
/* End XCConfigurationList section */

/* Begin XCRemoteSwiftPackageReference section */
		A30AFEE729E052970042D12B /* XCRemoteSwiftPackageReference "swift-numerics" */ = {
			isa = XCRemoteSwiftPackageReference;
			repositoryURL = "https://github.com/apple/swift-numerics.git";
			requirement = {
				kind = upToNextMajorVersion;
				minimumVersion = 1.0.0;
			};
		};
/* End XCRemoteSwiftPackageReference section */

/* Begin XCSwiftPackageProductDependency section */
		A30AFEE829E052970042D12B /* ComplexModule */ = {
			isa = XCSwiftPackageProductDependency;
			package = A30AFEE729E052970042D12B /* XCRemoteSwiftPackageReference "swift-numerics" */;
			productName = ComplexModule;
		};
		A30AFEEA29E052970042D12B /* Numerics */ = {
			isa = XCSwiftPackageProductDependency;
			package = A30AFEE729E052970042D12B /* XCRemoteSwiftPackageReference "swift-numerics" */;
			productName = Numerics;
		};
		A30AFEEC29E052970042D12B /* RealModule */ = {
			isa = XCSwiftPackageProductDependency;
			package = A30AFEE729E052970042D12B /* XCRemoteSwiftPackageReference "swift-numerics" */;
			productName = RealModule;
		};
/* End XCSwiftPackageProductDependency section */
	};
	rootObject = A30AFEC829DF6C6A0042D12B /* Project object */;
}
